
Microsoft Visual Studio Solution File, Format Version 12.00
# Visual Studio Version 16
VisualStudioVersion = 16.0.30114.105
MinimumVisualStudioVersion = 10.0.40219.1
Project("{FAE04EC0-301F-11D3-BF4B-00C04F79EFBC}") = "Composer.Aws", "Composer.Aws\Composer.Aws.csproj", "{7CB56638-4C95-4ADB-8C55-B9BCA176D93C}"
EndProject
Project("{FAE04EC0-301F-11D3-BF4B-00C04F79EFBC}") = "Composer.Aws.Tests", "Composer.Aws.Tests\Composer.Aws.Tests.csproj", "{3B736271-69EA-48E2-9798-B77F5C58F3FB}"
EndProject
Global
	GlobalSection(SolutionConfigurationPlatforms) = preSolution
		Debug|Any CPU = Debug|Any CPU
		Release|Any CPU = Release|Any CPU
	EndGlobalSection
	GlobalSection(SolutionProperties) = preSolution
		HideSolutionNode = FALSE
	EndGlobalSection
	GlobalSection(ProjectConfigurationPlatforms) = postSolution
		{7CB56638-4C95-4ADB-8C55-B9BCA176D93C}.Debug|Any CPU.ActiveCfg = Debug|Any CPU
		{7CB56638-4C95-4ADB-8C55-B9BCA176D93C}.Debug|Any CPU.Build.0 = Debug|Any CPU
		{7CB56638-4C95-4ADB-8C55-B9BCA176D93C}.Release|Any CPU.ActiveCfg = Release|Any CPU
		{7CB56638-4C95-4ADB-8C55-B9BCA176D93C}.Release|Any CPU.Build.0 = Release|Any CPU
		{3B736271-69EA-48E2-9798-B77F5C58F3FB}.Debug|Any CPU.ActiveCfg = Debug|Any CPU
		{3B736271-69EA-48E2-9798-B77F5C58F3FB}.Debug|Any CPU.Build.0 = Debug|Any CPU
		{3B736271-69EA-48E2-9798-B77F5C58F3FB}.Release|Any CPU.ActiveCfg = Release|Any CPU
		{3B736271-69EA-48E2-9798-B77F5C58F3FB}.Release|Any CPU.Build.0 = Release|Any CPU
	EndGlobalSection
EndGlobal
